// !$*UTF8*$!
{
	archiveVersion = 1;
	classes = {
	};
	objectVersion = 46;
	objects = {

/* Begin PBXBuildFile section */
		8E1D8DF61D16F34A00F80001 /* Task+Getter.swift in Sources */ = {isa = PBXBuildFile; fileRef = 8E1D8DF51D16F34A00F80001 /* Task+Getter.swift */; };
		8E1D8DFB1D17027100F80001 /* SwiftyCoreData.xcdatamodeld in Sources */ = {isa = PBXBuildFile; fileRef = 8E1D8DF91D17027100F80001 /* SwiftyCoreData.xcdatamodeld */; };
		8E1D8DFD1D17061700F80001 /* NSManagedObject+Helpers.swift in Sources */ = {isa = PBXBuildFile; fileRef = 8E1D8DFC1D17061700F80001 /* NSManagedObject+Helpers.swift */; };
		8E1D8DFE1D17073A00F80001 /* SwiftyCoreData.xcdatamodeld in Sources */ = {isa = PBXBuildFile; fileRef = 8E1D8DF91D17027100F80001 /* SwiftyCoreData.xcdatamodeld */; };
		8E1D8DFF1D17073C00F80001 /* SwiftyCoreData.xcdatamodeld in Sources */ = {isa = PBXBuildFile; fileRef = 8E1D8DF91D17027100F80001 /* SwiftyCoreData.xcdatamodeld */; };
		8E1D8E011D1707BD00F80001 /* Entity.swift in Sources */ = {isa = PBXBuildFile; fileRef = 8E1D8E001D1707BD00F80001 /* Entity.swift */; };
		8E1D8E031D1707EB00F80001 /* Entity+Extensions.swift in Sources */ = {isa = PBXBuildFile; fileRef = 8E1D8E021D1707EB00F80001 /* Entity+Extensions.swift */; };
		8E1D8E051D1708EC00F80001 /* Task+Entity.swift in Sources */ = {isa = PBXBuildFile; fileRef = 8E1D8E041D1708EC00F80001 /* Task+Entity.swift */; };
		8ECB2CE61D168A2100911089 /* Attemp1Tests.swift in Sources */ = {isa = PBXBuildFile; fileRef = 8ECB2CE51D168A2100911089 /* Attemp1Tests.swift */; };
		8ECB2CF11D16D34A00911089 /* NSManagedObjectContext+Initializer.swift in Sources */ = {isa = PBXBuildFile; fileRef = 8ECB2CF01D16D34A00911089 /* NSManagedObjectContext+Initializer.swift */; };
		8ECB2CF71D16D5EC00911089 /* Task+CoreDataProperties.swift in Sources */ = {isa = PBXBuildFile; fileRef = 8ECB2CF51D16D5EC00911089 /* Task+CoreDataProperties.swift */; };
		8ECB2CF81D16D5EC00911089 /* Task.swift in Sources */ = {isa = PBXBuildFile; fileRef = 8ECB2CF61D16D5EC00911089 /* Task.swift */; };
		8ECB2D041D16D72200911089 /* AppDelegate.swift in Sources */ = {isa = PBXBuildFile; fileRef = 8ECB2CFC1D16D72200911089 /* AppDelegate.swift */; };
		8ECB2D051D16D72200911089 /* Assets.xcassets in Resources */ = {isa = PBXBuildFile; fileRef = 8ECB2CFD1D16D72200911089 /* Assets.xcassets */; };
		8ECB2D081D16D72200911089 /* ViewController.swift in Sources */ = {isa = PBXBuildFile; fileRef = 8ECB2D031D16D72200911089 /* ViewController.swift */; };
		8ECB2D091D16D9B600911089 /* NSManagedObjectContext+TestingInitializer.swift in Sources */ = {isa = PBXBuildFile; fileRef = 8ECB2CF21D16D36E00911089 /* NSManagedObjectContext+TestingInitializer.swift */; };
		8ECB2D0B1D16DA2300911089 /* Main.storyboard in Resources */ = {isa = PBXBuildFile; fileRef = 8ECB2D0A1D16DA2300911089 /* Main.storyboard */; };
		8ECB2D0D1D16DD2F00911089 /* LaunchScreen.storyboard in Resources */ = {isa = PBXBuildFile; fileRef = 8ECB2D0C1D16DD2F00911089 /* LaunchScreen.storyboard */; };
		8ECB2D121D16E1E900911089 /* NSManagedObjectContext+Helpers.swift in Sources */ = {isa = PBXBuildFile; fileRef = 8ECB2D111D16E1E900911089 /* NSManagedObjectContext+Helpers.swift */; };
		8ECB2D2F1D16E34200911089 /* InitialTests.swift in Sources */ = {isa = PBXBuildFile; fileRef = 8ECB2D2E1D16E34200911089 /* InitialTests.swift */; };
		8ECB2D391D16E39100911089 /* Task.swift in Sources */ = {isa = PBXBuildFile; fileRef = 8ECB2D371D16E39100911089 /* Task.swift */; };
		8ECB2D3A1D16E39100911089 /* Task+CoreDataProperties.swift in Sources */ = {isa = PBXBuildFile; fileRef = 8ECB2D381D16E39100911089 /* Task+CoreDataProperties.swift */; };
		8ECB2D3B1D16E3FC00911089 /* NSManagedObjectContext+Initializer.swift in Sources */ = {isa = PBXBuildFile; fileRef = 8ECB2CF01D16D34A00911089 /* NSManagedObjectContext+Initializer.swift */; };
		8ECB2D3C1D16E3FC00911089 /* NSManagedObjectContext+TestingInitializer.swift in Sources */ = {isa = PBXBuildFile; fileRef = 8ECB2CF21D16D36E00911089 /* NSManagedObjectContext+TestingInitializer.swift */; };
		8ECB2D3D1D16E3FC00911089 /* NSManagedObjectContext+Helpers.swift in Sources */ = {isa = PBXBuildFile; fileRef = 8ECB2D111D16E1E900911089 /* NSManagedObjectContext+Helpers.swift */; };
		8ECB2D3F1D16E40700911089 /* AppDelegate.swift in Sources */ = {isa = PBXBuildFile; fileRef = 8ECB2CFC1D16D72200911089 /* AppDelegate.swift */; };
		8ECB2D401D16E41500911089 /* Assets.xcassets in Resources */ = {isa = PBXBuildFile; fileRef = 8ECB2CFD1D16D72200911089 /* Assets.xcassets */; };
		8ECB2D411D16E41500911089 /* LaunchScreen.storyboard in Resources */ = {isa = PBXBuildFile; fileRef = 8ECB2D0C1D16DD2F00911089 /* LaunchScreen.storyboard */; };
		8ECB2D421D16E41500911089 /* Main.storyboard in Resources */ = {isa = PBXBuildFile; fileRef = 8ECB2D0A1D16DA2300911089 /* Main.storyboard */; };
		8ECB2D431D16E41500911089 /* ViewController.swift in Sources */ = {isa = PBXBuildFile; fileRef = 8ECB2D031D16D72200911089 /* ViewController.swift */; };
		8ECB2D601D16E4CB00911089 /* FinalTests.swift in Sources */ = {isa = PBXBuildFile; fileRef = 8ECB2D5F1D16E4CB00911089 /* FinalTests.swift */; };
		8ECB2D6A1D16E51A00911089 /* Task.swift in Sources */ = {isa = PBXBuildFile; fileRef = 8ECB2D681D16E51A00911089 /* Task.swift */; };
		8ECB2D6B1D16E51A00911089 /* Task+CoreDataProperties.swift in Sources */ = {isa = PBXBuildFile; fileRef = 8ECB2D691D16E51A00911089 /* Task+CoreDataProperties.swift */; };
		8ECB2D6C1D16E54500911089 /* NSManagedObjectContext+Initializer.swift in Sources */ = {isa = PBXBuildFile; fileRef = 8ECB2CF01D16D34A00911089 /* NSManagedObjectContext+Initializer.swift */; };
		8ECB2D6D1D16E54500911089 /* NSManagedObjectContext+TestingInitializer.swift in Sources */ = {isa = PBXBuildFile; fileRef = 8ECB2CF21D16D36E00911089 /* NSManagedObjectContext+TestingInitializer.swift */; };
		8ECB2D6E1D16E54500911089 /* NSManagedObjectContext+Helpers.swift in Sources */ = {isa = PBXBuildFile; fileRef = 8ECB2D111D16E1E900911089 /* NSManagedObjectContext+Helpers.swift */; };
		8ECB2D701D16E55000911089 /* AppDelegate.swift in Sources */ = {isa = PBXBuildFile; fileRef = 8ECB2CFC1D16D72200911089 /* AppDelegate.swift */; };
		8ECB2D711D16E55000911089 /* Assets.xcassets in Resources */ = {isa = PBXBuildFile; fileRef = 8ECB2CFD1D16D72200911089 /* Assets.xcassets */; };
		8ECB2D721D16E55000911089 /* LaunchScreen.storyboard in Resources */ = {isa = PBXBuildFile; fileRef = 8ECB2D0C1D16DD2F00911089 /* LaunchScreen.storyboard */; };
		8ECB2D731D16E55000911089 /* Main.storyboard in Resources */ = {isa = PBXBuildFile; fileRef = 8ECB2D0A1D16DA2300911089 /* Main.storyboard */; };
		8ECB2D741D16E55000911089 /* ViewController.swift in Sources */ = {isa = PBXBuildFile; fileRef = 8ECB2D031D16D72200911089 /* ViewController.swift */; };
/* End PBXBuildFile section */

/* Begin PBXContainerItemProxy section */
		8ECB2CE21D168A2100911089 /* PBXContainerItemProxy */ = {
			isa = PBXContainerItemProxy;
			containerPortal = 8ECB2C991D1689A300911089 /* Project object */;
			proxyType = 1;
			remoteGlobalIDString = 8ECB2CCA1D168A2000911089;
			remoteInfo = Attemp1;
		};
		8ECB2D2B1D16E34200911089 /* PBXContainerItemProxy */ = {
			isa = PBXContainerItemProxy;
			containerPortal = 8ECB2C991D1689A300911089 /* Project object */;
			proxyType = 1;
			remoteGlobalIDString = 8ECB2D161D16E34200911089;
			remoteInfo = Initial;
		};
		8ECB2D5C1D16E4CB00911089 /* PBXContainerItemProxy */ = {
			isa = PBXContainerItemProxy;
			containerPortal = 8ECB2C991D1689A300911089 /* Project object */;
			proxyType = 1;
			remoteGlobalIDString = 8ECB2D471D16E4CB00911089;
			remoteInfo = Final;
		};
/* End PBXContainerItemProxy section */

/* Begin PBXFileReference section */
		8E1D8DF51D16F34A00F80001 /* Task+Getter.swift */ = {isa = PBXFileReference; fileEncoding = 4; lastKnownFileType = sourcecode.swift; path = "Task+Getter.swift"; sourceTree = "<group>"; };
		8E1D8DFA1D17027100F80001 /* SwiftyCoreData.xcdatamodel */ = {isa = PBXFileReference; lastKnownFileType = wrapper.xcdatamodel; path = SwiftyCoreData.xcdatamodel; sourceTree = "<group>"; };
		8E1D8DFC1D17061700F80001 /* NSManagedObject+Helpers.swift */ = {isa = PBXFileReference; fileEncoding = 4; lastKnownFileType = sourcecode.swift; path = "NSManagedObject+Helpers.swift"; sourceTree = "<group>"; };
		8E1D8E001D1707BD00F80001 /* Entity.swift */ = {isa = PBXFileReference; fileEncoding = 4; lastKnownFileType = sourcecode.swift; path = Entity.swift; sourceTree = "<group>"; };
		8E1D8E021D1707EB00F80001 /* Entity+Extensions.swift */ = {isa = PBXFileReference; fileEncoding = 4; lastKnownFileType = sourcecode.swift; path = "Entity+Extensions.swift"; sourceTree = "<group>"; };
		8E1D8E041D1708EC00F80001 /* Task+Entity.swift */ = {isa = PBXFileReference; fileEncoding = 4; lastKnownFileType = sourcecode.swift; path = "Task+Entity.swift"; sourceTree = "<group>"; };
		8ECB2CCB1D168A2000911089 /* Attemp1.app */ = {isa = PBXFileReference; explicitFileType = wrapper.application; includeInIndex = 0; path = Attemp1.app; sourceTree = BUILT_PRODUCTS_DIR; };
		8ECB2CDC1D168A2100911089 /* Info.plist */ = {isa = PBXFileReference; lastKnownFileType = text.plist.xml; path = Info.plist; sourceTree = "<group>"; };
		8ECB2CE11D168A2100911089 /* Attemp1Tests.xctest */ = {isa = PBXFileReference; explicitFileType = wrapper.cfbundle; includeInIndex = 0; path = Attemp1Tests.xctest; sourceTree = BUILT_PRODUCTS_DIR; };
		8ECB2CE51D168A2100911089 /* Attemp1Tests.swift */ = {isa = PBXFileReference; lastKnownFileType = sourcecode.swift; path = Attemp1Tests.swift; sourceTree = "<group>"; };
		8ECB2CE71D168A2100911089 /* Info.plist */ = {isa = PBXFileReference; lastKnownFileType = text.plist.xml; path = Info.plist; sourceTree = "<group>"; };
		8ECB2CF01D16D34A00911089 /* NSManagedObjectContext+Initializer.swift */ = {isa = PBXFileReference; fileEncoding = 4; lastKnownFileType = sourcecode.swift; path = "NSManagedObjectContext+Initializer.swift"; sourceTree = "<group>"; };
		8ECB2CF21D16D36E00911089 /* NSManagedObjectContext+TestingInitializer.swift */ = {isa = PBXFileReference; fileEncoding = 4; lastKnownFileType = sourcecode.swift; path = "NSManagedObjectContext+TestingInitializer.swift"; sourceTree = "<group>"; };
		8ECB2CF51D16D5EC00911089 /* Task+CoreDataProperties.swift */ = {isa = PBXFileReference; fileEncoding = 4; lastKnownFileType = sourcecode.swift; path = "Task+CoreDataProperties.swift"; sourceTree = "<group>"; };
		8ECB2CF61D16D5EC00911089 /* Task.swift */ = {isa = PBXFileReference; fileEncoding = 4; lastKnownFileType = sourcecode.swift; path = Task.swift; sourceTree = "<group>"; };
		8ECB2CFC1D16D72200911089 /* AppDelegate.swift */ = {isa = PBXFileReference; fileEncoding = 4; lastKnownFileType = sourcecode.swift; path = AppDelegate.swift; sourceTree = "<group>"; };
		8ECB2CFD1D16D72200911089 /* Assets.xcassets */ = {isa = PBXFileReference; lastKnownFileType = folder.assetcatalog; path = Assets.xcassets; sourceTree = "<group>"; };
		8ECB2D031D16D72200911089 /* ViewController.swift */ = {isa = PBXFileReference; fileEncoding = 4; lastKnownFileType = sourcecode.swift; path = ViewController.swift; sourceTree = "<group>"; };
		8ECB2D0A1D16DA2300911089 /* Main.storyboard */ = {isa = PBXFileReference; fileEncoding = 4; lastKnownFileType = file.storyboard; path = Main.storyboard; sourceTree = "<group>"; };
		8ECB2D0C1D16DD2F00911089 /* LaunchScreen.storyboard */ = {isa = PBXFileReference; fileEncoding = 4; lastKnownFileType = file.storyboard; path = LaunchScreen.storyboard; sourceTree = "<group>"; };
		8ECB2D111D16E1E900911089 /* NSManagedObjectContext+Helpers.swift */ = {isa = PBXFileReference; fileEncoding = 4; lastKnownFileType = sourcecode.swift; path = "NSManagedObjectContext+Helpers.swift"; sourceTree = "<group>"; };
		8ECB2D171D16E34200911089 /* Initial.app */ = {isa = PBXFileReference; explicitFileType = wrapper.application; includeInIndex = 0; path = Initial.app; sourceTree = BUILT_PRODUCTS_DIR; };
		8ECB2D251D16E34200911089 /* Info.plist */ = {isa = PBXFileReference; lastKnownFileType = text.plist.xml; path = Info.plist; sourceTree = "<group>"; };
		8ECB2D2A1D16E34200911089 /* InitialTests.xctest */ = {isa = PBXFileReference; explicitFileType = wrapper.cfbundle; includeInIndex = 0; path = InitialTests.xctest; sourceTree = BUILT_PRODUCTS_DIR; };
		8ECB2D2E1D16E34200911089 /* InitialTests.swift */ = {isa = PBXFileReference; lastKnownFileType = sourcecode.swift; path = InitialTests.swift; sourceTree = "<group>"; };
		8ECB2D301D16E34200911089 /* Info.plist */ = {isa = PBXFileReference; lastKnownFileType = text.plist.xml; path = Info.plist; sourceTree = "<group>"; };
		8ECB2D371D16E39100911089 /* Task.swift */ = {isa = PBXFileReference; fileEncoding = 4; lastKnownFileType = sourcecode.swift; path = Task.swift; sourceTree = "<group>"; };
		8ECB2D381D16E39100911089 /* Task+CoreDataProperties.swift */ = {isa = PBXFileReference; fileEncoding = 4; lastKnownFileType = sourcecode.swift; path = "Task+CoreDataProperties.swift"; sourceTree = "<group>"; };
		8ECB2D481D16E4CB00911089 /* Final.app */ = {isa = PBXFileReference; explicitFileType = wrapper.application; includeInIndex = 0; path = Final.app; sourceTree = BUILT_PRODUCTS_DIR; };
		8ECB2D561D16E4CB00911089 /* Info.plist */ = {isa = PBXFileReference; lastKnownFileType = text.plist.xml; path = Info.plist; sourceTree = "<group>"; };
		8ECB2D5B1D16E4CB00911089 /* FinalTests.xctest */ = {isa = PBXFileReference; explicitFileType = wrapper.cfbundle; includeInIndex = 0; path = FinalTests.xctest; sourceTree = BUILT_PRODUCTS_DIR; };
		8ECB2D5F1D16E4CB00911089 /* FinalTests.swift */ = {isa = PBXFileReference; lastKnownFileType = sourcecode.swift; path = FinalTests.swift; sourceTree = "<group>"; };
		8ECB2D611D16E4CB00911089 /* Info.plist */ = {isa = PBXFileReference; lastKnownFileType = text.plist.xml; path = Info.plist; sourceTree = "<group>"; };
		8ECB2D681D16E51A00911089 /* Task.swift */ = {isa = PBXFileReference; fileEncoding = 4; lastKnownFileType = sourcecode.swift; path = Task.swift; sourceTree = "<group>"; };
		8ECB2D691D16E51A00911089 /* Task+CoreDataProperties.swift */ = {isa = PBXFileReference; fileEncoding = 4; lastKnownFileType = sourcecode.swift; path = "Task+CoreDataProperties.swift"; sourceTree = "<group>"; };
/* End PBXFileReference section */

/* Begin PBXFrameworksBuildPhase section */
		8ECB2CC81D168A2000911089 /* Frameworks */ = {
			isa = PBXFrameworksBuildPhase;
			buildActionMask = 2147483647;
			files = (
			);
			runOnlyForDeploymentPostprocessing = 0;
		};
		8ECB2CDE1D168A2100911089 /* Frameworks */ = {
			isa = PBXFrameworksBuildPhase;
			buildActionMask = 2147483647;
			files = (
			);
			runOnlyForDeploymentPostprocessing = 0;
		};
		8ECB2D141D16E34200911089 /* Frameworks */ = {
			isa = PBXFrameworksBuildPhase;
			buildActionMask = 2147483647;
			files = (
			);
			runOnlyForDeploymentPostprocessing = 0;
		};
		8ECB2D271D16E34200911089 /* Frameworks */ = {
			isa = PBXFrameworksBuildPhase;
			buildActionMask = 2147483647;
			files = (
			);
			runOnlyForDeploymentPostprocessing = 0;
		};
		8ECB2D451D16E4CB00911089 /* Frameworks */ = {
			isa = PBXFrameworksBuildPhase;
			buildActionMask = 2147483647;
			files = (
			);
			runOnlyForDeploymentPostprocessing = 0;
		};
		8ECB2D581D16E4CB00911089 /* Frameworks */ = {
			isa = PBXFrameworksBuildPhase;
			buildActionMask = 2147483647;
			files = (
			);
			runOnlyForDeploymentPostprocessing = 0;
		};
/* End PBXFrameworksBuildPhase section */

/* Begin PBXGroup section */
		8ECB2C981D1689A300911089 = {
			isa = PBXGroup;
			children = (
				8ECB2CF01D16D34A00911089 /* NSManagedObjectContext+Initializer.swift */,
				8E1D8DF91D17027100F80001 /* SwiftyCoreData.xcdatamodeld */,
				8ECB2CF21D16D36E00911089 /* NSManagedObjectContext+TestingInitializer.swift */,
				8ECB2D111D16E1E900911089 /* NSManagedObjectContext+Helpers.swift */,
				8ECB2CFC1D16D72200911089 /* AppDelegate.swift */,
				8ECB2CFD1D16D72200911089 /* Assets.xcassets */,
				8ECB2D0C1D16DD2F00911089 /* LaunchScreen.storyboard */,
				8ECB2D0A1D16DA2300911089 /* Main.storyboard */,
				8ECB2D031D16D72200911089 /* ViewController.swift */,
				8ECB2CCC1D168A2000911089 /* Attemp1 */,
				8ECB2CE41D168A2100911089 /* Attemp1Tests */,
				8ECB2D181D16E34200911089 /* Initial */,
				8ECB2D2D1D16E34200911089 /* InitialTests */,
				8ECB2D491D16E4CB00911089 /* Final */,
				8ECB2D5E1D16E4CB00911089 /* FinalTests */,
				8ECB2CA21D1689A300911089 /* Products */,
			);
			sourceTree = "<group>";
		};
		8ECB2CA21D1689A300911089 /* Products */ = {
			isa = PBXGroup;
			children = (
				8ECB2CCB1D168A2000911089 /* Attemp1.app */,
				8ECB2CE11D168A2100911089 /* Attemp1Tests.xctest */,
				8ECB2D171D16E34200911089 /* Initial.app */,
				8ECB2D2A1D16E34200911089 /* InitialTests.xctest */,
				8ECB2D481D16E4CB00911089 /* Final.app */,
				8ECB2D5B1D16E4CB00911089 /* FinalTests.xctest */,
			);
			name = Products;
			sourceTree = "<group>";
		};
		8ECB2CCC1D168A2000911089 /* Attemp1 */ = {
			isa = PBXGroup;
			children = (
				8ECB2CF51D16D5EC00911089 /* Task+CoreDataProperties.swift */,
				8ECB2CF61D16D5EC00911089 /* Task.swift */,
				8E1D8DFC1D17061700F80001 /* NSManagedObject+Helpers.swift */,
				8ECB2CDC1D168A2100911089 /* Info.plist */,
			);
			path = Attemp1;
			sourceTree = "<group>";
		};
		8ECB2CE41D168A2100911089 /* Attemp1Tests */ = {
			isa = PBXGroup;
			children = (
				8ECB2CE51D168A2100911089 /* Attemp1Tests.swift */,
				8ECB2CE71D168A2100911089 /* Info.plist */,
			);
			path = Attemp1Tests;
			sourceTree = "<group>";
		};
		8ECB2D181D16E34200911089 /* Initial */ = {
			isa = PBXGroup;
			children = (
				8ECB2D371D16E39100911089 /* Task.swift */,
				8ECB2D381D16E39100911089 /* Task+CoreDataProperties.swift */,
				8E1D8DF51D16F34A00F80001 /* Task+Getter.swift */,
				8ECB2D251D16E34200911089 /* Info.plist */,
			);
			path = Initial;
			sourceTree = "<group>";
		};
		8ECB2D2D1D16E34200911089 /* InitialTests */ = {
			isa = PBXGroup;
			children = (
				8ECB2D2E1D16E34200911089 /* InitialTests.swift */,
				8ECB2D301D16E34200911089 /* Info.plist */,
			);
			path = InitialTests;
			sourceTree = "<group>";
		};
		8ECB2D491D16E4CB00911089 /* Final */ = {
			isa = PBXGroup;
			children = (
				8ECB2D681D16E51A00911089 /* Task.swift */,
				8ECB2D691D16E51A00911089 /* Task+CoreDataProperties.swift */,
				8E1D8E041D1708EC00F80001 /* Task+Entity.swift */,
				8E1D8E001D1707BD00F80001 /* Entity.swift */,
				8E1D8E021D1707EB00F80001 /* Entity+Extensions.swift */,
				8ECB2D561D16E4CB00911089 /* Info.plist */,
			);
			path = Final;
			sourceTree = "<group>";
		};
		8ECB2D5E1D16E4CB00911089 /* FinalTests */ = {
			isa = PBXGroup;
			children = (
				8ECB2D5F1D16E4CB00911089 /* FinalTests.swift */,
				8ECB2D611D16E4CB00911089 /* Info.plist */,
			);
			path = FinalTests;
			sourceTree = "<group>";
		};
/* End PBXGroup section */

/* Begin PBXNativeTarget section */
		8ECB2CCA1D168A2000911089 /* Attemp1 */ = {
			isa = PBXNativeTarget;
			buildConfigurationList = 8ECB2CE81D168A2100911089 /* Build configuration list for PBXNativeTarget "Attemp1" */;
			buildPhases = (
				8ECB2CC71D168A2000911089 /* Sources */,
				8ECB2CC81D168A2000911089 /* Frameworks */,
				8ECB2CC91D168A2000911089 /* Resources */,
			);
			buildRules = (
			);
			dependencies = (
			);
			name = Attemp1;
			productName = Attemp1;
			productReference = 8ECB2CCB1D168A2000911089 /* Attemp1.app */;
			productType = "com.apple.product-type.application";
		};
		8ECB2CE01D168A2100911089 /* Attemp1Tests */ = {
			isa = PBXNativeTarget;
			buildConfigurationList = 8ECB2CEB1D168A2100911089 /* Build configuration list for PBXNativeTarget "Attemp1Tests" */;
			buildPhases = (
				8ECB2CDD1D168A2100911089 /* Sources */,
				8ECB2CDE1D168A2100911089 /* Frameworks */,
				8ECB2CDF1D168A2100911089 /* Resources */,
			);
			buildRules = (
			);
			dependencies = (
				8ECB2CE31D168A2100911089 /* PBXTargetDependency */,
			);
			name = Attemp1Tests;
			productName = Attemp1Tests;
			productReference = 8ECB2CE11D168A2100911089 /* Attemp1Tests.xctest */;
			productType = "com.apple.product-type.bundle.unit-test";
		};
		8ECB2D161D16E34200911089 /* Initial */ = {
			isa = PBXNativeTarget;
			buildConfigurationList = 8ECB2D311D16E34200911089 /* Build configuration list for PBXNativeTarget "Initial" */;
			buildPhases = (
				8ECB2D131D16E34200911089 /* Sources */,
				8ECB2D141D16E34200911089 /* Frameworks */,
				8ECB2D151D16E34200911089 /* Resources */,
			);
			buildRules = (
			);
			dependencies = (
			);
			name = Initial;
			productName = Initial;
			productReference = 8ECB2D171D16E34200911089 /* Initial.app */;
			productType = "com.apple.product-type.application";
		};
		8ECB2D291D16E34200911089 /* InitialTests */ = {
			isa = PBXNativeTarget;
			buildConfigurationList = 8ECB2D341D16E34200911089 /* Build configuration list for PBXNativeTarget "InitialTests" */;
			buildPhases = (
				8ECB2D261D16E34200911089 /* Sources */,
				8ECB2D271D16E34200911089 /* Frameworks */,
				8ECB2D281D16E34200911089 /* Resources */,
			);
			buildRules = (
			);
			dependencies = (
				8ECB2D2C1D16E34200911089 /* PBXTargetDependency */,
			);
			name = InitialTests;
			productName = InitialTests;
			productReference = 8ECB2D2A1D16E34200911089 /* InitialTests.xctest */;
			productType = "com.apple.product-type.bundle.unit-test";
		};
		8ECB2D471D16E4CB00911089 /* Final */ = {
			isa = PBXNativeTarget;
			buildConfigurationList = 8ECB2D621D16E4CB00911089 /* Build configuration list for PBXNativeTarget "Final" */;
			buildPhases = (
				8ECB2D441D16E4CB00911089 /* Sources */,
				8ECB2D451D16E4CB00911089 /* Frameworks */,
				8ECB2D461D16E4CB00911089 /* Resources */,
			);
			buildRules = (
			);
			dependencies = (
			);
			name = Final;
			productName = Final;
			productReference = 8ECB2D481D16E4CB00911089 /* Final.app */;
			productType = "com.apple.product-type.application";
		};
		8ECB2D5A1D16E4CB00911089 /* FinalTests */ = {
			isa = PBXNativeTarget;
			buildConfigurationList = 8ECB2D651D16E4CB00911089 /* Build configuration list for PBXNativeTarget "FinalTests" */;
			buildPhases = (
				8ECB2D571D16E4CB00911089 /* Sources */,
				8ECB2D581D16E4CB00911089 /* Frameworks */,
				8ECB2D591D16E4CB00911089 /* Resources */,
			);
			buildRules = (
			);
			dependencies = (
				8ECB2D5D1D16E4CB00911089 /* PBXTargetDependency */,
			);
			name = FinalTests;
			productName = FinalTests;
			productReference = 8ECB2D5B1D16E4CB00911089 /* FinalTests.xctest */;
			productType = "com.apple.product-type.bundle.unit-test";
		};
/* End PBXNativeTarget section */

/* Begin PBXProject section */
		8ECB2C991D1689A300911089 /* Project object */ = {
			isa = PBXProject;
			attributes = {
				LastSwiftUpdateCheck = 0730;
				LastUpgradeCheck = 0730;
				ORGANIZATIONNAME = "Ayush Goel";
				TargetAttributes = {
					8ECB2CCA1D168A2000911089 = {
						CreatedOnToolsVersion = 7.3.1;
					};
					8ECB2CE01D168A2100911089 = {
						CreatedOnToolsVersion = 7.3.1;
						TestTargetID = 8ECB2CCA1D168A2000911089;
					};
					8ECB2D161D16E34200911089 = {
						CreatedOnToolsVersion = 7.3.1;
					};
					8ECB2D291D16E34200911089 = {
						CreatedOnToolsVersion = 7.3.1;
						TestTargetID = 8ECB2D161D16E34200911089;
					};
					8ECB2D471D16E4CB00911089 = {
						CreatedOnToolsVersion = 7.3.1;
					};
					8ECB2D5A1D16E4CB00911089 = {
						CreatedOnToolsVersion = 7.3.1;
						TestTargetID = 8ECB2D471D16E4CB00911089;
					};
				};
			};
			buildConfigurationList = 8ECB2C9C1D1689A300911089 /* Build configuration list for PBXProject "SwiftyCoreData" */;
			compatibilityVersion = "Xcode 3.2";
			developmentRegion = English;
			hasScannedForEncodings = 0;
			knownRegions = (
				en,
				Base,
			);
			mainGroup = 8ECB2C981D1689A300911089;
			productRefGroup = 8ECB2CA21D1689A300911089 /* Products */;
			projectDirPath = "";
			projectRoot = "";
			targets = (
				8ECB2CCA1D168A2000911089 /* Attemp1 */,
				8ECB2CE01D168A2100911089 /* Attemp1Tests */,
				8ECB2D161D16E34200911089 /* Initial */,
				8ECB2D291D16E34200911089 /* InitialTests */,
				8ECB2D471D16E4CB00911089 /* Final */,
				8ECB2D5A1D16E4CB00911089 /* FinalTests */,
			);
		};
/* End PBXProject section */

/* Begin PBXResourcesBuildPhase section */
		8ECB2CC91D168A2000911089 /* Resources */ = {
			isa = PBXResourcesBuildPhase;
			buildActionMask = 2147483647;
			files = (
				8ECB2D0B1D16DA2300911089 /* Main.storyboard in Resources */,
				8ECB2D0D1D16DD2F00911089 /* LaunchScreen.storyboard in Resources */,
				8ECB2D051D16D72200911089 /* Assets.xcassets in Resources */,
			);
			runOnlyForDeploymentPostprocessing = 0;
		};
		8ECB2CDF1D168A2100911089 /* Resources */ = {
			isa = PBXResourcesBuildPhase;
			buildActionMask = 2147483647;
			files = (
			);
			runOnlyForDeploymentPostprocessing = 0;
		};
		8ECB2D151D16E34200911089 /* Resources */ = {
			isa = PBXResourcesBuildPhase;
			buildActionMask = 2147483647;
			files = (
				8ECB2D421D16E41500911089 /* Main.storyboard in Resources */,
				8ECB2D401D16E41500911089 /* Assets.xcassets in Resources */,
				8ECB2D411D16E41500911089 /* LaunchScreen.storyboard in Resources */,
			);
			runOnlyForDeploymentPostprocessing = 0;
		};
		8ECB2D281D16E34200911089 /* Resources */ = {
			isa = PBXResourcesBuildPhase;
			buildActionMask = 2147483647;
			files = (
			);
			runOnlyForDeploymentPostprocessing = 0;
		};
		8ECB2D461D16E4CB00911089 /* Resources */ = {
			isa = PBXResourcesBuildPhase;
			buildActionMask = 2147483647;
			files = (
				8ECB2D731D16E55000911089 /* Main.storyboard in Resources */,
				8ECB2D711D16E55000911089 /* Assets.xcassets in Resources */,
				8ECB2D721D16E55000911089 /* LaunchScreen.storyboard in Resources */,
			);
			runOnlyForDeploymentPostprocessing = 0;
		};
		8ECB2D591D16E4CB00911089 /* Resources */ = {
			isa = PBXResourcesBuildPhase;
			buildActionMask = 2147483647;
			files = (
			);
			runOnlyForDeploymentPostprocessing = 0;
		};
/* End PBXResourcesBuildPhase section */

/* Begin PBXSourcesBuildPhase section */
		8ECB2CC71D168A2000911089 /* Sources */ = {
			isa = PBXSourcesBuildPhase;
			buildActionMask = 2147483647;
			files = (
				8ECB2D091D16D9B600911089 /* NSManagedObjectContext+TestingInitializer.swift in Sources */,
				8ECB2CF11D16D34A00911089 /* NSManagedObjectContext+Initializer.swift in Sources */,
				8ECB2CF71D16D5EC00911089 /* Task+CoreDataProperties.swift in Sources */,
				8E1D8DFD1D17061700F80001 /* NSManagedObject+Helpers.swift in Sources */,
				8ECB2D041D16D72200911089 /* AppDelegate.swift in Sources */,
				8E1D8DFE1D17073A00F80001 /* SwiftyCoreData.xcdatamodeld in Sources */,
				8ECB2D081D16D72200911089 /* ViewController.swift in Sources */,
				8ECB2CF81D16D5EC00911089 /* Task.swift in Sources */,
				8ECB2D121D16E1E900911089 /* NSManagedObjectContext+Helpers.swift in Sources */,
			);
			runOnlyForDeploymentPostprocessing = 0;
		};
		8ECB2CDD1D168A2100911089 /* Sources */ = {
			isa = PBXSourcesBuildPhase;
			buildActionMask = 2147483647;
			files = (
				8ECB2CE61D168A2100911089 /* Attemp1Tests.swift in Sources */,
			);
			runOnlyForDeploymentPostprocessing = 0;
		};
		8ECB2D131D16E34200911089 /* Sources */ = {
			isa = PBXSourcesBuildPhase;
			buildActionMask = 2147483647;
			files = (
				8ECB2D3D1D16E3FC00911089 /* NSManagedObjectContext+Helpers.swift in Sources */,
				8ECB2D3A1D16E39100911089 /* Task+CoreDataProperties.swift in Sources */,
				8E1D8DF61D16F34A00F80001 /* Task+Getter.swift in Sources */,
				8ECB2D3C1D16E3FC00911089 /* NSManagedObjectContext+TestingInitializer.swift in Sources */,
				8ECB2D3F1D16E40700911089 /* AppDelegate.swift in Sources */,
				8E1D8DFB1D17027100F80001 /* SwiftyCoreData.xcdatamodeld in Sources */,
				8ECB2D3B1D16E3FC00911089 /* NSManagedObjectContext+Initializer.swift in Sources */,
				8ECB2D431D16E41500911089 /* ViewController.swift in Sources */,
				8ECB2D391D16E39100911089 /* Task.swift in Sources */,
			);
			runOnlyForDeploymentPostprocessing = 0;
		};
		8ECB2D261D16E34200911089 /* Sources */ = {
			isa = PBXSourcesBuildPhase;
			buildActionMask = 2147483647;
			files = (
				8ECB2D2F1D16E34200911089 /* InitialTests.swift in Sources */,
			);
			runOnlyForDeploymentPostprocessing = 0;
		};
		8ECB2D441D16E4CB00911089 /* Sources */ = {
			isa = PBXSourcesBuildPhase;
			buildActionMask = 2147483647;
			files = (
				8E1D8E031D1707EB00F80001 /* Entity+Extensions.swift in Sources */,
				8ECB2D6E1D16E54500911089 /* NSManagedObjectContext+Helpers.swift in Sources */,
				8ECB2D6B1D16E51A00911089 /* Task+CoreDataProperties.swift in Sources */,
				8E1D8E051D1708EC00F80001 /* Task+Entity.swift in Sources */,
				8ECB2D6D1D16E54500911089 /* NSManagedObjectContext+TestingInitializer.swift in Sources */,
				8ECB2D701D16E55000911089 /* AppDelegate.swift in Sources */,
				8E1D8DFF1D17073C00F80001 /* SwiftyCoreData.xcdatamodeld in Sources */,
				8E1D8E011D1707BD00F80001 /* Entity.swift in Sources */,
				8ECB2D6C1D16E54500911089 /* NSManagedObjectContext+Initializer.swift in Sources */,
				8ECB2D741D16E55000911089 /* ViewController.swift in Sources */,
				8ECB2D6A1D16E51A00911089 /* Task.swift in Sources */,
			);
			runOnlyForDeploymentPostprocessing = 0;
		};
		8ECB2D571D16E4CB00911089 /* Sources */ = {
			isa = PBXSourcesBuildPhase;
			buildActionMask = 2147483647;
			files = (
				8ECB2D601D16E4CB00911089 /* FinalTests.swift in Sources */,
			);
			runOnlyForDeploymentPostprocessing = 0;
		};
/* End PBXSourcesBuildPhase section */

/* Begin PBXTargetDependency section */
		8ECB2CE31D168A2100911089 /* PBXTargetDependency */ = {
			isa = PBXTargetDependency;
			target = 8ECB2CCA1D168A2000911089 /* Attemp1 */;
			targetProxy = 8ECB2CE21D168A2100911089 /* PBXContainerItemProxy */;
		};
		8ECB2D2C1D16E34200911089 /* PBXTargetDependency */ = {
			isa = PBXTargetDependency;
			target = 8ECB2D161D16E34200911089 /* Initial */;
			targetProxy = 8ECB2D2B1D16E34200911089 /* PBXContainerItemProxy */;
		};
		8ECB2D5D1D16E4CB00911089 /* PBXTargetDependency */ = {
			isa = PBXTargetDependency;
			target = 8ECB2D471D16E4CB00911089 /* Final */;
			targetProxy = 8ECB2D5C1D16E4CB00911089 /* PBXContainerItemProxy */;
		};
/* End PBXTargetDependency section */

/* Begin XCBuildConfiguration section */
		8ECB2CBF1D1689A300911089 /* Debug */ = {
			isa = XCBuildConfiguration;
			buildSettings = {
				ALWAYS_SEARCH_USER_PATHS = NO;
				CLANG_ANALYZER_NONNULL = YES;
				CLANG_CXX_LANGUAGE_STANDARD = "gnu++0x";
				CLANG_CXX_LIBRARY = "libc++";
				CLANG_ENABLE_MODULES = YES;
				CLANG_ENABLE_OBJC_ARC = YES;
				CLANG_WARN_BOOL_CONVERSION = YES;
				CLANG_WARN_CONSTANT_CONVERSION = YES;
				CLANG_WARN_DIRECT_OBJC_ISA_USAGE = YES_ERROR;
				CLANG_WARN_EMPTY_BODY = YES;
				CLANG_WARN_ENUM_CONVERSION = YES;
				CLANG_WARN_INT_CONVERSION = YES;
				CLANG_WARN_OBJC_ROOT_CLASS = YES_ERROR;
				CLANG_WARN_UNREACHABLE_CODE = YES;
				CLANG_WARN__DUPLICATE_METHOD_MATCH = YES;
				"CODE_SIGN_IDENTITY[sdk=iphoneos*]" = "iPhone Developer";
				COPY_PHASE_STRIP = NO;
				DEBUG_INFORMATION_FORMAT = dwarf;
				ENABLE_STRICT_OBJC_MSGSEND = YES;
				ENABLE_TESTABILITY = YES;
				GCC_C_LANGUAGE_STANDARD = gnu99;
				GCC_DYNAMIC_NO_PIC = NO;
				GCC_NO_COMMON_BLOCKS = YES;
				GCC_OPTIMIZATION_LEVEL = 0;
				GCC_PREPROCESSOR_DEFINITIONS = (
					"DEBUG=1",
					"$(inherited)",
				);
				GCC_WARN_64_TO_32_BIT_CONVERSION = YES;
				GCC_WARN_ABOUT_RETURN_TYPE = YES_ERROR;
				GCC_WARN_UNDECLARED_SELECTOR = YES;
				GCC_WARN_UNINITIALIZED_AUTOS = YES_AGGRESSIVE;
				GCC_WARN_UNUSED_FUNCTION = YES;
				GCC_WARN_UNUSED_VARIABLE = YES;
				IPHONEOS_DEPLOYMENT_TARGET = 9.0;
				MTL_ENABLE_DEBUG_INFO = YES;
				ONLY_ACTIVE_ARCH = YES;
				SDKROOT = iphoneos;
				SWIFT_OPTIMIZATION_LEVEL = "-Onone";
				TARGETED_DEVICE_FAMILY = "1,2";
			};
			name = Debug;
		};
		8ECB2CC01D1689A300911089 /* Release */ = {
			isa = XCBuildConfiguration;
			buildSettings = {
				ALWAYS_SEARCH_USER_PATHS = NO;
				CLANG_ANALYZER_NONNULL = YES;
				CLANG_CXX_LANGUAGE_STANDARD = "gnu++0x";
				CLANG_CXX_LIBRARY = "libc++";
				CLANG_ENABLE_MODULES = YES;
				CLANG_ENABLE_OBJC_ARC = YES;
				CLANG_WARN_BOOL_CONVERSION = YES;
				CLANG_WARN_CONSTANT_CONVERSION = YES;
				CLANG_WARN_DIRECT_OBJC_ISA_USAGE = YES_ERROR;
				CLANG_WARN_EMPTY_BODY = YES;
				CLANG_WARN_ENUM_CONVERSION = YES;
				CLANG_WARN_INT_CONVERSION = YES;
				CLANG_WARN_OBJC_ROOT_CLASS = YES_ERROR;
				CLANG_WARN_UNREACHABLE_CODE = YES;
				CLANG_WARN__DUPLICATE_METHOD_MATCH = YES;
				"CODE_SIGN_IDENTITY[sdk=iphoneos*]" = "iPhone Developer";
				COPY_PHASE_STRIP = NO;
				DEBUG_INFORMATION_FORMAT = "dwarf-with-dsym";
				ENABLE_NS_ASSERTIONS = NO;
				ENABLE_STRICT_OBJC_MSGSEND = YES;
				GCC_C_LANGUAGE_STANDARD = gnu99;
				GCC_NO_COMMON_BLOCKS = YES;
				GCC_WARN_64_TO_32_BIT_CONVERSION = YES;
				GCC_WARN_ABOUT_RETURN_TYPE = YES_ERROR;
				GCC_WARN_UNDECLARED_SELECTOR = YES;
				GCC_WARN_UNINITIALIZED_AUTOS = YES_AGGRESSIVE;
				GCC_WARN_UNUSED_FUNCTION = YES;
				GCC_WARN_UNUSED_VARIABLE = YES;
				IPHONEOS_DEPLOYMENT_TARGET = 9.0;
				MTL_ENABLE_DEBUG_INFO = NO;
				SDKROOT = iphoneos;
				TARGETED_DEVICE_FAMILY = "1,2";
				VALIDATE_PRODUCT = YES;
			};
			name = Release;
		};
		8ECB2CE91D168A2100911089 /* Debug */ = {
			isa = XCBuildConfiguration;
			buildSettings = {
				ASSETCATALOG_COMPILER_APPICON_NAME = AppIcon;
				INFOPLIST_FILE = Attemp1/Info.plist;
				LD_RUNPATH_SEARCH_PATHS = "$(inherited) @executable_path/Frameworks";
				PRODUCT_BUNDLE_IDENTIFIER = com.techmyway.Attemp1;
				PRODUCT_NAME = "$(TARGET_NAME)";
			};
			name = Debug;
		};
		8ECB2CEA1D168A2100911089 /* Release */ = {
			isa = XCBuildConfiguration;
			buildSettings = {
				ASSETCATALOG_COMPILER_APPICON_NAME = AppIcon;
				INFOPLIST_FILE = Attemp1/Info.plist;
				LD_RUNPATH_SEARCH_PATHS = "$(inherited) @executable_path/Frameworks";
				PRODUCT_BUNDLE_IDENTIFIER = com.techmyway.Attemp1;
				PRODUCT_NAME = "$(TARGET_NAME)";
			};
			name = Release;
		};
		8ECB2CEC1D168A2100911089 /* Debug */ = {
			isa = XCBuildConfiguration;
			buildSettings = {
				BUNDLE_LOADER = "$(TEST_HOST)";
				INFOPLIST_FILE = Attemp1Tests/Info.plist;
				LD_RUNPATH_SEARCH_PATHS = "$(inherited) @executable_path/Frameworks @loader_path/Frameworks";
				PRODUCT_BUNDLE_IDENTIFIER = com.techmyway.Attemp1Tests;
				PRODUCT_NAME = "$(TARGET_NAME)";
				TEST_HOST = "$(BUILT_PRODUCTS_DIR)/Attemp1.app/Attemp1";
			};
			name = Debug;
		};
		8ECB2CED1D168A2100911089 /* Release */ = {
			isa = XCBuildConfiguration;
			buildSettings = {
				BUNDLE_LOADER = "$(TEST_HOST)";
				INFOPLIST_FILE = Attemp1Tests/Info.plist;
				LD_RUNPATH_SEARCH_PATHS = "$(inherited) @executable_path/Frameworks @loader_path/Frameworks";
				PRODUCT_BUNDLE_IDENTIFIER = com.techmyway.Attemp1Tests;
				PRODUCT_NAME = "$(TARGET_NAME)";
				TEST_HOST = "$(BUILT_PRODUCTS_DIR)/Attemp1.app/Attemp1";
			};
			name = Release;
		};
		8ECB2D321D16E34200911089 /* Debug */ = {
			isa = XCBuildConfiguration;
			buildSettings = {
				ASSETCATALOG_COMPILER_APPICON_NAME = AppIcon;
				CLANG_ENABLE_MODULES = YES;
				INFOPLIST_FILE = Initial/Info.plist;
				IPHONEOS_DEPLOYMENT_TARGET = 9.3;
				LD_RUNPATH_SEARCH_PATHS = "$(inherited) @executable_path/Frameworks";
				PRODUCT_BUNDLE_IDENTIFIER = com.techmyway.Initial;
				PRODUCT_NAME = "$(TARGET_NAME)";
				SWIFT_OPTIMIZATION_LEVEL = "-Onone";
			};
			name = Debug;
		};
		8ECB2D331D16E34200911089 /* Release */ = {
			isa = XCBuildConfiguration;
			buildSettings = {
				ASSETCATALOG_COMPILER_APPICON_NAME = AppIcon;
				CLANG_ENABLE_MODULES = YES;
				INFOPLIST_FILE = Initial/Info.plist;
				IPHONEOS_DEPLOYMENT_TARGET = 9.3;
				LD_RUNPATH_SEARCH_PATHS = "$(inherited) @executable_path/Frameworks";
				PRODUCT_BUNDLE_IDENTIFIER = com.techmyway.Initial;
				PRODUCT_NAME = "$(TARGET_NAME)";
			};
			name = Release;
		};
		8ECB2D351D16E34200911089 /* Debug */ = {
			isa = XCBuildConfiguration;
			buildSettings = {
				BUNDLE_LOADER = "$(TEST_HOST)";
				INFOPLIST_FILE = InitialTests/Info.plist;
				IPHONEOS_DEPLOYMENT_TARGET = 9.3;
				LD_RUNPATH_SEARCH_PATHS = "$(inherited) @executable_path/Frameworks @loader_path/Frameworks";
				PRODUCT_BUNDLE_IDENTIFIER = com.techmyway.InitialTests;
				PRODUCT_NAME = "$(TARGET_NAME)";
				TEST_HOST = "$(BUILT_PRODUCTS_DIR)/Initial.app/Initial";
			};
			name = Debug;
		};
		8ECB2D361D16E34200911089 /* Release */ = {
			isa = XCBuildConfiguration;
			buildSettings = {
				BUNDLE_LOADER = "$(TEST_HOST)";
				INFOPLIST_FILE = InitialTests/Info.plist;
				IPHONEOS_DEPLOYMENT_TARGET = 9.3;
				LD_RUNPATH_SEARCH_PATHS = "$(inherited) @executable_path/Frameworks @loader_path/Frameworks";
				PRODUCT_BUNDLE_IDENTIFIER = com.techmyway.InitialTests;
				PRODUCT_NAME = "$(TARGET_NAME)";
				TEST_HOST = "$(BUILT_PRODUCTS_DIR)/Initial.app/Initial";
			};
			name = Release;
		};
		8ECB2D631D16E4CB00911089 /* Debug */ = {
			isa = XCBuildConfiguration;
			buildSettings = {
				ASSETCATALOG_COMPILER_APPICON_NAME = AppIcon;
				CLANG_ENABLE_MODULES = YES;
				INFOPLIST_FILE = Final/Info.plist;
				IPHONEOS_DEPLOYMENT_TARGET = 9.3;
				LD_RUNPATH_SEARCH_PATHS = "$(inherited) @executable_path/Frameworks";
				PRODUCT_BUNDLE_IDENTIFIER = com.techmyway.Final;
				PRODUCT_NAME = "$(TARGET_NAME)";
				SWIFT_OPTIMIZATION_LEVEL = "-Onone";
			};
			name = Debug;
		};
		8ECB2D641D16E4CB00911089 /* Release */ = {
			isa = XCBuildConfiguration;
			buildSettings = {
				ASSETCATALOG_COMPILER_APPICON_NAME = AppIcon;
				CLANG_ENABLE_MODULES = YES;
				INFOPLIST_FILE = Final/Info.plist;
				IPHONEOS_DEPLOYMENT_TARGET = 9.3;
				LD_RUNPATH_SEARCH_PATHS = "$(inherited) @executable_path/Frameworks";
				PRODUCT_BUNDLE_IDENTIFIER = com.techmyway.Final;
				PRODUCT_NAME = "$(TARGET_NAME)";
			};
			name = Release;
		};
		8ECB2D661D16E4CB00911089 /* Debug */ = {
			isa = XCBuildConfiguration;
			buildSettings = {
				BUNDLE_LOADER = "$(TEST_HOST)";
				INFOPLIST_FILE = FinalTests/Info.plist;
				IPHONEOS_DEPLOYMENT_TARGET = 9.3;
				LD_RUNPATH_SEARCH_PATHS = "$(inherited) @executable_path/Frameworks @loader_path/Frameworks";
				PRODUCT_BUNDLE_IDENTIFIER = com.techmyway.FinalTests;
				PRODUCT_NAME = "$(TARGET_NAME)";
				TEST_HOST = "$(BUILT_PRODUCTS_DIR)/Final.app/Final";
			};
			name = Debug;
		};
		8ECB2D671D16E4CB00911089 /* Release */ = {
			isa = XCBuildConfiguration;
			buildSettings = {
				BUNDLE_LOADER = "$(TEST_HOST)";
				INFOPLIST_FILE = FinalTests/Info.plist;
				IPHONEOS_DEPLOYMENT_TARGET = 9.3;
				LD_RUNPATH_SEARCH_PATHS = "$(inherited) @executable_path/Frameworks @loader_path/Frameworks";
				PRODUCT_BUNDLE_IDENTIFIER = com.techmyway.FinalTests;
				PRODUCT_NAME = "$(TARGET_NAME)";
				TEST_HOST = "$(BUILT_PRODUCTS_DIR)/Final.app/Final";
			};
			name = Release;
		};
/* End XCBuildConfiguration section */

/* Begin XCConfigurationList section */
		8ECB2C9C1D1689A300911089 /* Build configuration list for PBXProject "SwiftyCoreData" */ = {
			isa = XCConfigurationList;
			buildConfigurations = (
				8ECB2CBF1D1689A300911089 /* Debug */,
				8ECB2CC01D1689A300911089 /* Release */,
			);
			defaultConfigurationIsVisible = 0;
			defaultConfigurationName = Release;
		};
		8ECB2CE81D168A2100911089 /* Build configuration list for PBXNativeTarget "Attemp1" */ = {
			isa = XCConfigurationList;
			buildConfigurations = (
				8ECB2CE91D168A2100911089 /* Debug */,
				8ECB2CEA1D168A2100911089 /* Release */,
			);
			defaultConfigurationIsVisible = 0;
			defaultConfigurationName = Release;
		};
		8ECB2CEB1D168A2100911089 /* Build configuration list for PBXNativeTarget "Attemp1Tests" */ = {
			isa = XCConfigurationList;
			buildConfigurations = (
				8ECB2CEC1D168A2100911089 /* Debug */,
				8ECB2CED1D168A2100911089 /* Release */,
			);
			defaultConfigurationIsVisible = 0;
			defaultConfigurationName = Release;
		};
		8ECB2D311D16E34200911089 /* Build configuration list for PBXNativeTarget "Initial" */ = {
			isa = XCConfigurationList;
			buildConfigurations = (
				8ECB2D321D16E34200911089 /* Debug */,
				8ECB2D331D16E34200911089 /* Release */,
			);
			defaultConfigurationIsVisible = 0;
			defaultConfigurationName = Release;
		};
		8ECB2D341D16E34200911089 /* Build configuration list for PBXNativeTarget "InitialTests" */ = {
			isa = XCConfigurationList;
			buildConfigurations = (
				8ECB2D351D16E34200911089 /* Debug */,
				8ECB2D361D16E34200911089 /* Release */,
			);
			defaultConfigurationIsVisible = 0;
			defaultConfigurationName = Release;
		};
		8ECB2D621D16E4CB00911089 /* Build configuration list for PBXNativeTarget "Final" */ = {
			isa = XCConfigurationList;
			buildConfigurations = (
				8ECB2D631D16E4CB00911089 /* Debug */,
				8ECB2D641D16E4CB00911089 /* Release */,
			);
			defaultConfigurationIsVisible = 0;
			defaultConfigurationName = Release;
		};
		8ECB2D651D16E4CB00911089 /* Build configuration list for PBXNativeTarget "FinalTests" */ = {
			isa = XCConfigurationList;
			buildConfigurations = (
				8ECB2D661D16E4CB00911089 /* Debug */,
				8ECB2D671D16E4CB00911089 /* Release */,
			);
			defaultConfigurationIsVisible = 0;
			defaultConfigurationName = Release;
		};
/* End XCConfigurationList section */

/* Begin XCVersionGroup section */
		8E1D8DF91D17027100F80001 /* SwiftyCoreData.xcdatamodeld */ = {
			isa = XCVersionGroup;
			children = (
				8E1D8DFA1D17027100F80001 /* SwiftyCoreData.xcdatamodel */,
			);
			currentVersion = 8E1D8DFA1D17027100F80001 /* SwiftyCoreData.xcdatamodel */;
			path = SwiftyCoreData.xcdatamodeld;
			sourceTree = "<group>";
			versionGroupType = wrapper.xcdatamodel;
		};
/* End XCVersionGroup section */
	};
	rootObject = 8ECB2C991D1689A300911089 /* Project object */;
}
